PODS:
  - desktop_drop (0.0.1):
    - FlutterMacOS
  - FlutterMacOS (1.0.0)
  - isar_flutter_libs (1.0.0):
    - FlutterMacOS
  - path_provider_foundation (0.0.1):
    - Flutter
    - FlutterMacOS
  - screen_retriever_macos (0.0.1):
    - FlutterMacOS
  - window_manager (0.2.0):
    - FlutterMacOS

DEPENDENCIES:
  - desktop_drop (from `Flutter/ephemeral/.symlinks/plugins/desktop_drop/macos`)
  - FlutterMacOS (from `Flutter/ephemeral`)
  - isar_flutter_libs (from `Flutter/ephemeral/.symlinks/plugins/isar_flutter_libs/macos`)
  - path_provider_foundation (from `Flutter/ephemeral/.symlinks/plugins/path_provider_foundation/darwin`)
  - screen_retriever_macos (from `Flutter/ephemeral/.symlinks/plugins/screen_retriever_macos/macos`)
  - window_manager (from `Flutter/ephemeral/.symlinks/plugins/window_manager/macos`)

EXTERNAL SOURCES:
  desktop_drop:
    :path: Flutter/ephemeral/.symlinks/plugins/desktop_drop/macos
  FlutterMacOS:
    :path: Flutter/ephemeral
  isar_flutter_libs:
    :path: Flutter/ephemeral/.symlinks/plugins/isar_flutter_libs/macos
  path_provider_foundation:
    :path: Flutter/ephemeral/.symlinks/plugins/path_provider_foundation/darwin
  screen_retriever_macos:
    :path: Flutter/ephemeral/.symlinks/plugins/screen_retriever_macos/macos
  window_manager:
    :path: Flutter/ephemeral/.symlinks/plugins/window_manager/macos

SPEC CHECKSUMS:
  desktop_drop: e0b672a7d84c0a6cbc378595e82cdb15f2970a43
  FlutterMacOS: 8f6f14fa908a6fb3fba0cd85dbd81ec4b251fb24
  isar_flutter_libs: a65381780401f81ad6bf3f2e7cd0de5698fb98c4
  path_provider_foundation: 608fcb11be570ce83519b076ab6a1fffe2474f05
  screen_retriever_macos: 452e51764a9e1cdb74b3c541238795849f21557f
  window_manager: 1d01fa7ac65a6e6f83b965471b1a7fdd3f06166c

PODFILE CHECKSUM: 7eb978b976557c8c1cd717d8185ec483fd090a82

COCOAPODS: 1.16.2
